
Microsoft Visual Studio Solution File, Format Version 12.00
# Visual Studio Version 17
VisualStudioVersion = 17.0.31903.59
MinimumVisualStudioVersion = 10.0.40219.1
Project("{2150E333-8FDC-42A3-9474-1A3956D46DE8}") = "src", "src", "{CD2A88B5-3859-4DE5-8C15-84D3820D63C4}"
EndProject
Project("{FAE04EC0-301F-11D3-BF4B-00C04F79EFBC}") = "FoodRecipeApplication", "src\FoodRecipeApplication\FoodRecipeApplication.csproj", "{67BDD56F-D197-45A8-957D-E76D75206FCF}"
EndProject
Project("{FAE04EC0-301F-11D3-BF4B-00C04F79EFBC}") = "FoodRecipeAppMvc", "src\FoodRecipeAppMvc\FoodRecipeAppMvc.csproj", "{993982BD-EA9C-4B13-9B66-8296897BB7C0}"
EndProject
Global
	GlobalSection(SolutionConfigurationPlatforms) = preSolution
		Debug|Any CPU = Debug|Any CPU
		Release|Any CPU = Release|Any CPU
	EndGlobalSection
	GlobalSection(SolutionProperties) = preSolution
		HideSolutionNode = FALSE
	EndGlobalSection
	GlobalSection(ProjectConfigurationPlatforms) = postSolution
		{67BDD56F-D197-45A8-957D-E76D75206FCF}.Debug|Any CPU.ActiveCfg = Debug|Any CPU
		{67BDD56F-D197-45A8-957D-E76D75206FCF}.Debug|Any CPU.Build.0 = Debug|Any CPU
		{67BDD56F-D197-45A8-957D-E76D75206FCF}.Release|Any CPU.ActiveCfg = Release|Any CPU
		{67BDD56F-D197-45A8-957D-E76D75206FCF}.Release|Any CPU.Build.0 = Release|Any CPU
		{993982BD-EA9C-4B13-9B66-8296897BB7C0}.Debug|Any CPU.ActiveCfg = Debug|Any CPU
		{993982BD-EA9C-4B13-9B66-8296897BB7C0}.Debug|Any CPU.Build.0 = Debug|Any CPU
		{993982BD-EA9C-4B13-9B66-8296897BB7C0}.Release|Any CPU.ActiveCfg = Release|Any CPU
		{993982BD-EA9C-4B13-9B66-8296897BB7C0}.Release|Any CPU.Build.0 = Release|Any CPU
	EndGlobalSection
	GlobalSection(NestedProjects) = preSolution
		{67BDD56F-D197-45A8-957D-E76D75206FCF} = {CD2A88B5-3859-4DE5-8C15-84D3820D63C4}
		{993982BD-EA9C-4B13-9B66-8296897BB7C0} = {CD2A88B5-3859-4DE5-8C15-84D3820D63C4}
	EndGlobalSection
EndGlobal
