
Microsoft Visual Studio Solution File, Format Version 12.00
# Visual Studio Version 17
VisualStudioVersion = 17.3.32922.545
MinimumVisualStudioVersion = 10.0.40219.1
Project("{00D1A9C2-B5F0-4AF3-8072-F6C62B433612}") = "FoodRecipeData", "FoodRecipeData\FoodRecipeData.sqlproj", "{76FCC084-4D0A-4ACB-8F20-9D44CCD2A21A}"
EndProject
Project("{9A19103F-16F7-4668-BE54-9A1E7A4F7556}") = "FoodRecipeDataManagerLibrary", "FoodRecipeDataManagerLibrary\FoodRecipeDataManagerLibrary.csproj", "{E24A7339-B873-4EBA-BBBC-D0148CD1186D}"
EndProject
Project("{2150E333-8FDC-42A3-9474-1A3956D46DE8}") = "Solution Items", "Solution Items", "{65F13C2D-BB66-47DC-AC18-CC1C148B9890}"
	ProjectSection(SolutionItems) = preProject
		.editorconfig = .editorconfig
	EndProjectSection
EndProject
Project("{9A19103F-16F7-4668-BE54-9A1E7A4F7556}") = "FoodRecipeDataManager", "FoodRecipeDataManager\FoodRecipeDataManager.csproj", "{C901478B-54DF-4B97-8056-59DD81F36D20}"
EndProject
Global
	GlobalSection(SolutionConfigurationPlatforms) = preSolution
		Debug|Any CPU = Debug|Any CPU
		Release|Any CPU = Release|Any CPU
	EndGlobalSection
	GlobalSection(ProjectConfigurationPlatforms) = postSolution
		{76FCC084-4D0A-4ACB-8F20-9D44CCD2A21A}.Debug|Any CPU.ActiveCfg = Debug|Any CPU
		{76FCC084-4D0A-4ACB-8F20-9D44CCD2A21A}.Debug|Any CPU.Build.0 = Debug|Any CPU
		{76FCC084-4D0A-4ACB-8F20-9D44CCD2A21A}.Debug|Any CPU.Deploy.0 = Debug|Any CPU
		{76FCC084-4D0A-4ACB-8F20-9D44CCD2A21A}.Release|Any CPU.ActiveCfg = Release|Any CPU
		{76FCC084-4D0A-4ACB-8F20-9D44CCD2A21A}.Release|Any CPU.Build.0 = Release|Any CPU
		{76FCC084-4D0A-4ACB-8F20-9D44CCD2A21A}.Release|Any CPU.Deploy.0 = Release|Any CPU
		{E24A7339-B873-4EBA-BBBC-D0148CD1186D}.Debug|Any CPU.ActiveCfg = Debug|Any CPU
		{E24A7339-B873-4EBA-BBBC-D0148CD1186D}.Debug|Any CPU.Build.0 = Debug|Any CPU
		{E24A7339-B873-4EBA-BBBC-D0148CD1186D}.Release|Any CPU.ActiveCfg = Release|Any CPU
		{E24A7339-B873-4EBA-BBBC-D0148CD1186D}.Release|Any CPU.Build.0 = Release|Any CPU
		{C901478B-54DF-4B97-8056-59DD81F36D20}.Debug|Any CPU.ActiveCfg = Debug|Any CPU
		{C901478B-54DF-4B97-8056-59DD81F36D20}.Debug|Any CPU.Build.0 = Debug|Any CPU
		{C901478B-54DF-4B97-8056-59DD81F36D20}.Release|Any CPU.ActiveCfg = Release|Any CPU
		{C901478B-54DF-4B97-8056-59DD81F36D20}.Release|Any CPU.Build.0 = Release|Any CPU
	EndGlobalSection
	GlobalSection(SolutionProperties) = preSolution
		HideSolutionNode = FALSE
	EndGlobalSection
	GlobalSection(ExtensibilityGlobals) = postSolution
		SolutionGuid = {0B8BA4D6-C318-4E42-8DC5-56C0802BD665}
	EndGlobalSection
EndGlobal
